
Microsoft Visual Studio Solution File, Format Version 12.00
# Visual Studio Version 16
VisualStudioVersion = 16.0.31019.35
MinimumVisualStudioVersion = 10.0.40219.1
Project("{8BC9CEB8-8B4A-11D0-8D11-00A0C91BC942}") = "CudaLab1", "CudaLab1\CudaLab1.vcxproj", "{E7BD3B6F-C2EF-4EBA-BA17-806883111EC8}"
EndProject
Global
	GlobalSection(SolutionConfigurationPlatforms) = preSolution
		Debug|x64 = Debug|x64
		Release|x64 = Release|x64
	EndGlobalSection
	GlobalSection(ProjectConfigurationPlatforms) = postSolution
		{E7BD3B6F-C2EF-4EBA-BA17-806883111EC8}.Debug|x64.ActiveCfg = Debug|x64
		{E7BD3B6F-C2EF-4EBA-BA17-806883111EC8}.Debug|x64.Build.0 = Debug|x64
		{E7BD3B6F-C2EF-4EBA-BA17-806883111EC8}.Release|x64.ActiveCfg = Release|x64
		{E7BD3B6F-C2EF-4EBA-BA17-806883111EC8}.Release|x64.Build.0 = Release|x64
	EndGlobalSection
	GlobalSection(SolutionProperties) = preSolution
		HideSolutionNode = FALSE
	EndGlobalSection
	GlobalSection(ExtensibilityGlobals) = postSolution
		SolutionGuid = {AE979AD2-F177-4D63-A9D8-1FB828F85066}
	EndGlobalSection
EndGlobal
